
Microsoft Visual Studio Solution File, Format Version 12.00
# Visual Studio 15
VisualStudioVersion = 15.0.28307.271
MinimumVisualStudioVersion = 10.0.40219.1
Project("{FAE04EC0-301F-11D3-BF4B-00C04F79EFBC}") = "HW1", "HW1\HW1.csproj", "{BFDC3F8E-0482-4F82-BD7A-D82295463F0A}"
EndProject
Global
	GlobalSection(SolutionConfigurationPlatforms) = preSolution
		Debug|Any CPU = Debug|Any CPU
		Release|Any CPU = Release|Any CPU
	EndGlobalSection
	GlobalSection(ProjectConfigurationPlatforms) = postSolution
		{BFDC3F8E-0482-4F82-BD7A-D82295463F0A}.Debug|Any CPU.ActiveCfg = Debug|Any CPU
		{BFDC3F8E-0482-4F82-BD7A-D82295463F0A}.Debug|Any CPU.Build.0 = Debug|Any CPU
		{BFDC3F8E-0482-4F82-BD7A-D82295463F0A}.Release|Any CPU.ActiveCfg = Release|Any CPU
		{BFDC3F8E-0482-4F82-BD7A-D82295463F0A}.Release|Any CPU.Build.0 = Release|Any CPU
	EndGlobalSection
	GlobalSection(SolutionProperties) = preSolution
		HideSolutionNode = FALSE
	EndGlobalSection
	GlobalSection(ExtensibilityGlobals) = postSolution
		SolutionGuid = {3F2D8A78-2D03-421A-A450-18499729EEA5}
	EndGlobalSection
EndGlobal
